
Microsoft Visual Studio Solution File, Format Version 12.00
# Visual Studio Version 16
VisualStudioVersion = 16.0.31019.35
MinimumVisualStudioVersion = 10.0.40219.1
Project("{FAE04EC0-301F-11D3-BF4B-00C04F79EFBC}") = "CongViec", "CongViec\CongViec.csproj", "{DD14E6BA-DF9D-4C80-9CC3-7A90E9D65461}"
EndProject
Global
	GlobalSection(SolutionConfigurationPlatforms) = preSolution
		Debug|Any CPU = Debug|Any CPU
		Release|Any CPU = Release|Any CPU
	EndGlobalSection
	GlobalSection(ProjectConfigurationPlatforms) = postSolution
		{DD14E6BA-DF9D-4C80-9CC3-7A90E9D65461}.Debug|Any CPU.ActiveCfg = Debug|Any CPU
		{DD14E6BA-DF9D-4C80-9CC3-7A90E9D65461}.Debug|Any CPU.Build.0 = Debug|Any CPU
		{DD14E6BA-DF9D-4C80-9CC3-7A90E9D65461}.Release|Any CPU.ActiveCfg = Release|Any CPU
		{DD14E6BA-DF9D-4C80-9CC3-7A90E9D65461}.Release|Any CPU.Build.0 = Release|Any CPU
	EndGlobalSection
	GlobalSection(SolutionProperties) = preSolution
		HideSolutionNode = FALSE
	EndGlobalSection
	GlobalSection(ExtensibilityGlobals) = postSolution
		SolutionGuid = {910F2D56-DEB3-4F14-9541-023D0040C7E8}
	EndGlobalSection
EndGlobal
